# This file is automatically @generated by Cargo.
# It is not intended for manual editing.
version = 3

[[package]]
name = "kanc"
version = "0.1.0"
dependencies = [
 "path-clean",
 "rustc-hash",
 "unicode-general-category",
]

[[package]]
name = "path-clean"
version = "0.1.0"
source = "registry+https://github.com/rust-lang/crates.io-index"
checksum = "ecba01bf2678719532c5e3059e0b5f0811273d94b397088b82e3bd0a78c78fdd"

[[package]]
name = "rustc-hash"
version = "1.1.0"
source = "registry+https://github.com/rust-lang/crates.io-index"
checksum = "08d43f7aa6b08d49f382cde6a7982047c3426db949b1424bc4b7ec9ae12c6ce2"

[[package]]
name = "unicode-general-category"
version = "0.5.1"
source = "registry+https://github.com/rust-lang/crates.io-index"
checksum = "1218098468b8085b19a2824104c70d976491d247ce194bbd9dc77181150cdfd6"
